
Microsoft Visual Studio Solution File, Format Version 12.00
# Visual Studio Version 16
VisualStudioVersion = 16.0.30621.155
MinimumVisualStudioVersion = 10.0.40219.1
Project("{FAE04EC0-301F-11D3-BF4B-00C04F79EFBC}") = "sorting algorithm", "sorting algorithm\sorting algorithm.csproj", "{363E1835-F75E-4F02-A8E2-BA18ECA63978}"
EndProject
Global
	GlobalSection(SolutionConfigurationPlatforms) = preSolution
		Debug|Any CPU = Debug|Any CPU
		Release|Any CPU = Release|Any CPU
	EndGlobalSection
	GlobalSection(ProjectConfigurationPlatforms) = postSolution
		{363E1835-F75E-4F02-A8E2-BA18ECA63978}.Debug|Any CPU.ActiveCfg = Debug|Any CPU
		{363E1835-F75E-4F02-A8E2-BA18ECA63978}.Debug|Any CPU.Build.0 = Debug|Any CPU
		{363E1835-F75E-4F02-A8E2-BA18ECA63978}.Release|Any CPU.ActiveCfg = Release|Any CPU
		{363E1835-F75E-4F02-A8E2-BA18ECA63978}.Release|Any CPU.Build.0 = Release|Any CPU
	EndGlobalSection
	GlobalSection(SolutionProperties) = preSolution
		HideSolutionNode = FALSE
	EndGlobalSection
	GlobalSection(ExtensibilityGlobals) = postSolution
		SolutionGuid = {3F385D2D-9B39-4D41-9435-A204A61867BC}
	EndGlobalSection
EndGlobal
